{
  "name": "binarysearch",
  "version": "1.0.0",
  "lockfileVersion": 3,
  "requires": true,
  "packages": {
    "": {
      "name": "binarysearch",
      "version": "1.0.0",
      "license": "ISC",
      "dependencies": {
        "binarysearch": "^1.0.1",
        "your-package-name": "^0.0.0"
      }
    },
    "node_modules/binarysearch": {
      "version": "1.0.1",
      "resolved": "https://registry.npmjs.org/binarysearch/-/binarysearch-1.0.1.tgz",
      "integrity": "sha512-FqhwdeXh1ZSAS/YpJ6lD9+SMf8JodCibe7c51Z9L1zAjHKUDTBisQgdmpfaL+m1qHvwAHnSLR8d9UHc79Hr34g=="
    },
    "node_modules/your-package-name": {
      "version": "0.0.0",
      "resolved": "https://registry.npmjs.org/your-package-name/-/your-package-name-0.0.0.tgz",
      "integrity": "sha512-rSZcXpHm/885/C4tREMNhfdX8BiQuPM8zt/jvxL/qUJsweVrUlyluT5cQv+R4tQNoz5npIQ4gc/bww+7vLy6WA=="
    }
  }
}
